
Microsoft Visual Studio Solution File, Format Version 12.00
# Visual Studio 2012
Project("{FAE04EC0-301F-11D3-BF4B-00C04F79EFBC}") = "GitHubXamarin.Android", "GitHubXamarin.Android\GitHubXamarin.Android.csproj", "{E3B1DD1C-E709-402D-834C-1235A58C1291}"
EndProject
Project("{FAE04EC0-301F-11D3-BF4B-00C04F79EFBC}") = "GitHubXamarin.iOS", "GitHubXamarin.iOS\GitHubXamarin.iOS.csproj", "{8C712C8C-234F-4B8E-8D5B-325AEBAF77B2}"
EndProject
Project("{FAE04EC0-301F-11D3-BF4B-00C04F79EFBC}") = "GitHubXamarin", "GitHubXamarin\GitHubXamarin.csproj", "{B97DFA7B-ADF3-43E1-9B86-F6A1DA7BE338}"
EndProject
Global
	GlobalSection(SolutionConfigurationPlatforms) = preSolution
		Debug|Any CPU = Debug|Any CPU
		Release|Any CPU = Release|Any CPU
		Debug|iPhoneSimulator = Debug|iPhoneSimulator
		Release|iPhoneSimulator = Release|iPhoneSimulator
		Debug|iPhone = Debug|iPhone
		Release|iPhone = Release|iPhone
		Ad-Hoc|iPhone = Ad-Hoc|iPhone
		AppStore|iPhone = AppStore|iPhone
	EndGlobalSection
	GlobalSection(ProjectConfigurationPlatforms) = postSolution
		{E3B1DD1C-E709-402D-834C-1235A58C1291}.Debug|Any CPU.ActiveCfg = Debug|Any CPU
		{E3B1DD1C-E709-402D-834C-1235A58C1291}.Debug|Any CPU.Build.0 = Debug|Any CPU
		{E3B1DD1C-E709-402D-834C-1235A58C1291}.Release|Any CPU.ActiveCfg = Release|Any CPU
		{E3B1DD1C-E709-402D-834C-1235A58C1291}.Release|Any CPU.Build.0 = Release|Any CPU
		{E3B1DD1C-E709-402D-834C-1235A58C1291}.Debug|iPhoneSimulator.ActiveCfg = Debug|Any CPU
		{E3B1DD1C-E709-402D-834C-1235A58C1291}.Debug|iPhoneSimulator.Build.0 = Debug|Any CPU
		{E3B1DD1C-E709-402D-834C-1235A58C1291}.Release|iPhoneSimulator.ActiveCfg = Release|Any CPU
		{E3B1DD1C-E709-402D-834C-1235A58C1291}.Release|iPhoneSimulator.Build.0 = Release|Any CPU
		{E3B1DD1C-E709-402D-834C-1235A58C1291}.Debug|iPhone.ActiveCfg = Debug|Any CPU
		{E3B1DD1C-E709-402D-834C-1235A58C1291}.Debug|iPhone.Build.0 = Debug|Any CPU
		{E3B1DD1C-E709-402D-834C-1235A58C1291}.Release|iPhone.ActiveCfg = Release|Any CPU
		{E3B1DD1C-E709-402D-834C-1235A58C1291}.Release|iPhone.Build.0 = Release|Any CPU
		{E3B1DD1C-E709-402D-834C-1235A58C1291}.Ad-Hoc|iPhone.ActiveCfg = Debug|Any CPU
		{E3B1DD1C-E709-402D-834C-1235A58C1291}.Ad-Hoc|iPhone.Build.0 = Debug|Any CPU
		{E3B1DD1C-E709-402D-834C-1235A58C1291}.AppStore|iPhone.ActiveCfg = Debug|Any CPU
		{E3B1DD1C-E709-402D-834C-1235A58C1291}.AppStore|iPhone.Build.0 = Debug|Any CPU
		{8C712C8C-234F-4B8E-8D5B-325AEBAF77B2}.Debug|Any CPU.ActiveCfg = Debug|iPhoneSimulator
		{8C712C8C-234F-4B8E-8D5B-325AEBAF77B2}.Debug|Any CPU.Build.0 = Debug|iPhoneSimulator
		{8C712C8C-234F-4B8E-8D5B-325AEBAF77B2}.Release|Any CPU.ActiveCfg = Release|iPhoneSimulator
		{8C712C8C-234F-4B8E-8D5B-325AEBAF77B2}.Release|Any CPU.Build.0 = Release|iPhoneSimulator
		{8C712C8C-234F-4B8E-8D5B-325AEBAF77B2}.Debug|iPhoneSimulator.ActiveCfg = Debug|iPhoneSimulator
		{8C712C8C-234F-4B8E-8D5B-325AEBAF77B2}.Debug|iPhoneSimulator.Build.0 = Debug|iPhoneSimulator
		{8C712C8C-234F-4B8E-8D5B-325AEBAF77B2}.Release|iPhoneSimulator.ActiveCfg = Release|iPhoneSimulator
		{8C712C8C-234F-4B8E-8D5B-325AEBAF77B2}.Release|iPhoneSimulator.Build.0 = Release|iPhoneSimulator
		{8C712C8C-234F-4B8E-8D5B-325AEBAF77B2}.Debug|iPhone.ActiveCfg = Debug|iPhone
		{8C712C8C-234F-4B8E-8D5B-325AEBAF77B2}.Debug|iPhone.Build.0 = Debug|iPhone
		{8C712C8C-234F-4B8E-8D5B-325AEBAF77B2}.Release|iPhone.ActiveCfg = Release|iPhone
		{8C712C8C-234F-4B8E-8D5B-325AEBAF77B2}.Release|iPhone.Build.0 = Release|iPhone
		{8C712C8C-234F-4B8E-8D5B-325AEBAF77B2}.Ad-Hoc|iPhone.ActiveCfg = Ad-Hoc|iPhone
		{8C712C8C-234F-4B8E-8D5B-325AEBAF77B2}.Ad-Hoc|iPhone.Build.0 = Ad-Hoc|iPhone
		{8C712C8C-234F-4B8E-8D5B-325AEBAF77B2}.AppStore|iPhone.ActiveCfg = AppStore|iPhone
		{8C712C8C-234F-4B8E-8D5B-325AEBAF77B2}.AppStore|iPhone.Build.0 = AppStore|iPhone
		{B97DFA7B-ADF3-43E1-9B86-F6A1DA7BE338}.Debug|Any CPU.ActiveCfg = Debug|Any CPU
		{B97DFA7B-ADF3-43E1-9B86-F6A1DA7BE338}.Debug|Any CPU.Build.0 = Debug|Any CPU
		{B97DFA7B-ADF3-43E1-9B86-F6A1DA7BE338}.Release|Any CPU.ActiveCfg = Release|Any CPU
		{B97DFA7B-ADF3-43E1-9B86-F6A1DA7BE338}.Release|Any CPU.Build.0 = Release|Any CPU
		{B97DFA7B-ADF3-43E1-9B86-F6A1DA7BE338}.Debug|iPhoneSimulator.ActiveCfg = Debug|Any CPU
		{B97DFA7B-ADF3-43E1-9B86-F6A1DA7BE338}.Debug|iPhoneSimulator.Build.0 = Debug|Any CPU
		{B97DFA7B-ADF3-43E1-9B86-F6A1DA7BE338}.Release|iPhoneSimulator.ActiveCfg = Release|Any CPU
		{B97DFA7B-ADF3-43E1-9B86-F6A1DA7BE338}.Release|iPhoneSimulator.Build.0 = Release|Any CPU
		{B97DFA7B-ADF3-43E1-9B86-F6A1DA7BE338}.Debug|iPhone.ActiveCfg = Debug|Any CPU
		{B97DFA7B-ADF3-43E1-9B86-F6A1DA7BE338}.Debug|iPhone.Build.0 = Debug|Any CPU
		{B97DFA7B-ADF3-43E1-9B86-F6A1DA7BE338}.Release|iPhone.ActiveCfg = Release|Any CPU
		{B97DFA7B-ADF3-43E1-9B86-F6A1DA7BE338}.Release|iPhone.Build.0 = Release|Any CPU
		{B97DFA7B-ADF3-43E1-9B86-F6A1DA7BE338}.Ad-Hoc|iPhone.ActiveCfg = Debug|Any CPU
		{B97DFA7B-ADF3-43E1-9B86-F6A1DA7BE338}.Ad-Hoc|iPhone.Build.0 = Debug|Any CPU
		{B97DFA7B-ADF3-43E1-9B86-F6A1DA7BE338}.AppStore|iPhone.ActiveCfg = Debug|Any CPU
		{B97DFA7B-ADF3-43E1-9B86-F6A1DA7BE338}.AppStore|iPhone.Build.0 = Debug|Any CPU
	EndGlobalSection
EndGlobal
